{
  "lockfile_version": "1",
  "packages": {
    "github:NixOS/nixpkgs/nixpkgs-unstable": {
      "resolved": "github:NixOS/nixpkgs/18dd725c29603f582cf1900e0d25f9f1063dbf11?lastModified=1744536153&narHash=sha256-awS2zRgF4uTwrOKwwiJcByDzDOdo3Q1rPZbiHQg%2FN38%3D"
    },
    "python312Packages.pip@latest": {
      "last_modified": "2025-04-17T05:47:26Z",
      "resolved": "github:NixOS/nixpkgs/ebe4301cbd8f81c4f8d3244b3632338bbeb6d49c#python312Packages.pip",
      "source": "devbox-search",
      "version": "25.0.1",
      "systems": {
        "aarch64-darwin": {
          "outputs": [
            {
              "name": "out",
              "path": "/nix/store/k0l86f13z6m341p64c149yj4qgzr6cj7-python3.12-pip-25.0.1",
              "default": true
            },
            {
              "name": "man",
              "path": "/nix/store/bbnkgv1vkdpqq091h7aaphkiscmc8f33-python3.12-pip-25.0.1-man",
              "default": true
            },
            {
              "name": "dist",
              "path": "/nix/store/cyijbrnfsr34gld57nfsarvgs1frqh97-python3.12-pip-25.0.1-dist"
            }
          ],
          "store_path": "/nix/store/k0l86f13z6m341p64c149yj4qgzr6cj7-python3.12-pip-25.0.1"
        },
        "aarch64-linux": {
          "outputs": [
            {
              "name": "out",
              "path": "/nix/store/yjxvplma1mrww0ws12jlsw17fcav3bqc-python3.12-pip-25.0.1",
              "default": true
            },
            {
              "name": "man",
              "path": "/nix/store/r2lvznyawl30n19i920673di5fdvva72-python3.12-pip-25.0.1-man",
              "default": true
            },
            {
              "name": "dist",
              "path": "/nix/store/jkvlyxay7x97swy1qlwzz9kqwz8qzcf3-python3.12-pip-25.0.1-dist"
            }
          ],
          "store_path": "/nix/store/yjxvplma1mrww0ws12jlsw17fcav3bqc-python3.12-pip-25.0.1"
        },
        "x86_64-darwin": {
          "outputs": [
            {
              "name": "out",
              "path": "/nix/store/y8clrkwa07fq1fcfc9kf24vfxxg7d1i6-python3.12-pip-25.0.1",
              "default": true
            },
            {
              "name": "man",
              "path": "/nix/store/ifl9j11phmlh5ng7cliz44r9ix2h15q7-python3.12-pip-25.0.1-man",
              "default": true
            },
            {
              "name": "dist",
              "path": "/nix/store/3d840an66k8dggs8iidhh0f1jraiaja8-python3.12-pip-25.0.1-dist"
            }
          ],
          "store_path": "/nix/store/y8clrkwa07fq1fcfc9kf24vfxxg7d1i6-python3.12-pip-25.0.1"
        },
        "x86_64-linux": {
          "outputs": [
            {
              "name": "out",
              "path": "/nix/store/cvgmd1l96gy38gfri88j94rccwfjxmc2-python3.12-pip-25.0.1",
              "default": true
            },
            {
              "name": "man",
              "path": "/nix/store/a3phcnhb7a0z1fqpmr8an9zmzkp47g10-python3.12-pip-25.0.1-man",
              "default": true
            },
            {
              "name": "dist",
              "path": "/nix/store/4z2qmdpa3fb3dli1lv7ad00c4cjvp7as-python3.12-pip-25.0.1-dist"
            }
          ],
          "store_path": "/nix/store/cvgmd1l96gy38gfri88j94rccwfjxmc2-python3.12-pip-25.0.1"
        }
      }
    },
    "python@3.12": {
      "last_modified": "2025-01-06T03:40:18Z",
      "plugin_version": "0.0.4",
      "resolved": "github:NixOS/nixpkgs/3df3c47c19dc90fec35359e89ffb52b34d2b0e94#python3",
      "source": "devbox-search",
      "version": "3.12.8",
      "systems": {
        "aarch64-darwin": {
          "outputs": [
            {
              "name": "out",
              "path": "/nix/store/8zc3wcplydp8gsxms24scpzdca438dk5-python3-3.12.8",
              "default": true
            }
          ],
          "store_path": "/nix/store/8zc3wcplydp8gsxms24scpzdca438dk5-python3-3.12.8"
        },
        "aarch64-linux": {
          "outputs": [
            {
              "name": "out",
              "path": "/nix/store/66pn6ysmvx675061xaq2vz93s9vdc5p4-python3-3.12.8",
              "default": true
            },
            {
              "name": "debug",
              "path": "/nix/store/brcg3a34fi45ffky63g5pqd22sksvq13-python3-3.12.8-debug"
            }
          ],
          "store_path": "/nix/store/66pn6ysmvx675061xaq2vz93s9vdc5p4-python3-3.12.8"
        },
        "x86_64-darwin": {
          "outputs": [
            {
              "name": "out",
              "path": "/nix/store/fpmkmdzgd1q7kqadc7czcjdhjj7bsc0i-python3-3.12.8",
              "default": true
            }
          ],
          "store_path": "/nix/store/fpmkmdzgd1q7kqadc7czcjdhjj7bsc0i-python3-3.12.8"
        },
        "x86_64-linux": {
          "outputs": [
            {
              "name": "out",
              "path": "/nix/store/c9m6yd8fg1flz2j5r4bif1ib5j20a0cy-python3-3.12.8",
              "default": true
            },
            {
              "name": "debug",
              "path": "/nix/store/cicfrcjr8pky8qd0gxw0x84ynyviy6b5-python3-3.12.8-debug"
            }
          ],
          "store_path": "/nix/store/c9m6yd8fg1flz2j5r4bif1ib5j20a0cy-python3-3.12.8"
        }
      }
    }
  }
}
